// !$*UTF8*$!
{
	archiveVersion = 1;
	classes = {
	};
	objectVersion = 55;
	objects = {

/* Begin PBXBuildFile section */
		10973023429BAA0ACB9C33AA /* Pods_FlixTests.framework in Frameworks */ = {isa = PBXBuildFile; fileRef = F60393C4C4C8417522EB3589 /* Pods_FlixTests.framework */; };
		3E40D48CFF2C410567098C29 /* Pods_Flix.framework in Frameworks */ = {isa = PBXBuildFile; fileRef = DDE575C17909EEC0C9F41770 /* Pods_Flix.framework */; };
		811FDB4DE6C2A68557851B0E /* Pods_Flix_FlixUITests.framework in Frameworks */ = {isa = PBXBuildFile; fileRef = B2731FF7E078707256461D4E /* Pods_Flix_FlixUITests.framework */; };
		AA3A6D1127BF76750097F717 /* MovieDetailsViewController.swift in Sources */ = {isa = PBXBuildFile; fileRef = AA3A6D1027BF76750097F717 /* MovieDetailsViewController.swift */; };
		AAB4C2C927B62CD000601057 /* MovieCell.swift in Sources */ = {isa = PBXBuildFile; fileRef = AAB4C2C827B62CD000601057 /* MovieCell.swift */; };
		AAB4C2CC27B63A6F00601057 /* AlamofireImage in Frameworks */ = {isa = PBXBuildFile; productRef = AAB4C2CB27B63A6F00601057 /* AlamofireImage */; };
		AADF0E8727C00E4B008F6057 /* MovieGridViewController.swift in Sources */ = {isa = PBXBuildFile; fileRef = AADF0E8627C00E4B008F6057 /* MovieGridViewController.swift */; };
		AADF0E8B27C0174F008F6057 /* MovieGridCell.swift in Sources */ = {isa = PBXBuildFile; fileRef = AADF0E8A27C0174F008F6057 /* MovieGridCell.swift */; };
		AAE36CCF27B5D65D00A3DDE5 /* AppDelegate.swift in Sources */ = {isa = PBXBuildFile; fileRef = AAE36CCE27B5D65D00A3DDE5 /* AppDelegate.swift */; };
		AAE36CD127B5D65D00A3DDE5 /* SceneDelegate.swift in Sources */ = {isa = PBXBuildFile; fileRef = AAE36CD027B5D65D00A3DDE5 /* SceneDelegate.swift */; };
		AAE36CD327B5D65D00A3DDE5 /* ViewController.swift in Sources */ = {isa = PBXBuildFile; fileRef = AAE36CD227B5D65D00A3DDE5 /* ViewController.swift */; };
		AAE36CD627B5D65D00A3DDE5 /* Main.storyboard in Resources */ = {isa = PBXBuildFile; fileRef = AAE36CD427B5D65D00A3DDE5 /* Main.storyboard */; };
		AAE36CD827B5D65E00A3DDE5 /* Assets.xcassets in Resources */ = {isa = PBXBuildFile; fileRef = AAE36CD727B5D65E00A3DDE5 /* Assets.xcassets */; };
		AAE36CDB27B5D65E00A3DDE5 /* LaunchScreen.storyboard in Resources */ = {isa = PBXBuildFile; fileRef = AAE36CD927B5D65E00A3DDE5 /* LaunchScreen.storyboard */; };
		AAE36CE627B5D65E00A3DDE5 /* FlixTests.swift in Sources */ = {isa = PBXBuildFile; fileRef = AAE36CE527B5D65E00A3DDE5 /* FlixTests.swift */; };
		AAE36CF027B5D65E00A3DDE5 /* FlixUITests.swift in Sources */ = {isa = PBXBuildFile; fileRef = AAE36CEF27B5D65E00A3DDE5 /* FlixUITests.swift */; };
		AAE36CF227B5D65E00A3DDE5 /* FlixUITestsLaunchTests.swift in Sources */ = {isa = PBXBuildFile; fileRef = AAE36CF127B5D65E00A3DDE5 /* FlixUITestsLaunchTests.swift */; };
/* End PBXBuildFile section */

/* Begin PBXContainerItemProxy section */
		AAE36CE227B5D65E00A3DDE5 /* PBXContainerItemProxy */ = {
			isa = PBXContainerItemProxy;
			containerPortal = AAE36CC327B5D65D00A3DDE5 /* Project object */;
			proxyType = 1;
			remoteGlobalIDString = AAE36CCA27B5D65D00A3DDE5;
			remoteInfo = Flix;
		};
		AAE36CEC27B5D65E00A3DDE5 /* PBXContainerItemProxy */ = {
			isa = PBXContainerItemProxy;
			containerPortal = AAE36CC327B5D65D00A3DDE5 /* Project object */;
			proxyType = 1;
			remoteGlobalIDString = AAE36CCA27B5D65D00A3DDE5;
			remoteInfo = Flix;
		};
/* End PBXContainerItemProxy section */

/* Begin PBXFileReference section */
		3124AA73360739BFED4DF3E2 /* Pods-Flix.release.xcconfig */ = {isa = PBXFileReference; includeInIndex = 1; lastKnownFileType = text.xcconfig; name = "Pods-Flix.release.xcconfig"; path = "Target Support Files/Pods-Flix/Pods-Flix.release.xcconfig"; sourceTree = "<group>"; };
		623341F33AFD7EC68C9C9A42 /* Pods-FlixTests.debug.xcconfig */ = {isa = PBXFileReference; includeInIndex = 1; lastKnownFileType = text.xcconfig; name = "Pods-FlixTests.debug.xcconfig"; path = "Target Support Files/Pods-FlixTests/Pods-FlixTests.debug.xcconfig"; sourceTree = "<group>"; };
		6BB144C9AC1A34434946836C /* Pods-Flix.debug.xcconfig */ = {isa = PBXFileReference; includeInIndex = 1; lastKnownFileType = text.xcconfig; name = "Pods-Flix.debug.xcconfig"; path = "Target Support Files/Pods-Flix/Pods-Flix.debug.xcconfig"; sourceTree = "<group>"; };
		6F5678CD60667AAF1901924B /* Pods-Flix-FlixUITests.debug.xcconfig */ = {isa = PBXFileReference; includeInIndex = 1; lastKnownFileType = text.xcconfig; name = "Pods-Flix-FlixUITests.debug.xcconfig"; path = "Target Support Files/Pods-Flix-FlixUITests/Pods-Flix-FlixUITests.debug.xcconfig"; sourceTree = "<group>"; };
		A87099D72BCA24195947EF2F /* Pods-FlixTests.release.xcconfig */ = {isa = PBXFileReference; includeInIndex = 1; lastKnownFileType = text.xcconfig; name = "Pods-FlixTests.release.xcconfig"; path = "Target Support Files/Pods-FlixTests/Pods-FlixTests.release.xcconfig"; sourceTree = "<group>"; };
		AA3A6D1027BF76750097F717 /* MovieDetailsViewController.swift */ = {isa = PBXFileReference; lastKnownFileType = sourcecode.swift; path = MovieDetailsViewController.swift; sourceTree = "<group>"; };
		AAB4C2C827B62CD000601057 /* MovieCell.swift */ = {isa = PBXFileReference; lastKnownFileType = sourcecode.swift; path = MovieCell.swift; sourceTree = "<group>"; };
		AADF0E8627C00E4B008F6057 /* MovieGridViewController.swift */ = {isa = PBXFileReference; lastKnownFileType = sourcecode.swift; path = MovieGridViewController.swift; sourceTree = "<group>"; };
		AADF0E8A27C0174F008F6057 /* MovieGridCell.swift */ = {isa = PBXFileReference; lastKnownFileType = sourcecode.swift; path = MovieGridCell.swift; sourceTree = "<group>"; };
		AAE36CCB27B5D65D00A3DDE5 /* Flix.app */ = {isa = PBXFileReference; explicitFileType = wrapper.application; includeInIndex = 0; path = Flix.app; sourceTree = BUILT_PRODUCTS_DIR; };
		AAE36CCE27B5D65D00A3DDE5 /* AppDelegate.swift */ = {isa = PBXFileReference; lastKnownFileType = sourcecode.swift; path = AppDelegate.swift; sourceTree = "<group>"; };
		AAE36CD027B5D65D00A3DDE5 /* SceneDelegate.swift */ = {isa = PBXFileReference; lastKnownFileType = sourcecode.swift; path = SceneDelegate.swift; sourceTree = "<group>"; };
		AAE36CD227B5D65D00A3DDE5 /* ViewController.swift */ = {isa = PBXFileReference; lastKnownFileType = sourcecode.swift; path = ViewController.swift; sourceTree = "<group>"; };
		AAE36CD527B5D65D00A3DDE5 /* Base */ = {isa = PBXFileReference; lastKnownFileType = file.storyboard; name = Base; path = Base.lproj/Main.storyboard; sourceTree = "<group>"; };
		AAE36CD727B5D65E00A3DDE5 /* Assets.xcassets */ = {isa = PBXFileReference; lastKnownFileType = folder.assetcatalog; path = Assets.xcassets; sourceTree = "<group>"; };
		AAE36CDA27B5D65E00A3DDE5 /* Base */ = {isa = PBXFileReference; lastKnownFileType = file.storyboard; name = Base; path = Base.lproj/LaunchScreen.storyboard; sourceTree = "<group>"; };
		AAE36CDC27B5D65E00A3DDE5 /* Info.plist */ = {isa = PBXFileReference; lastKnownFileType = text.plist.xml; path = Info.plist; sourceTree = "<group>"; };
		AAE36CE127B5D65E00A3DDE5 /* FlixTests.xctest */ = {isa = PBXFileReference; explicitFileType = wrapper.cfbundle; includeInIndex = 0; path = FlixTests.xctest; sourceTree = BUILT_PRODUCTS_DIR; };
		AAE36CE527B5D65E00A3DDE5 /* FlixTests.swift */ = {isa = PBXFileReference; lastKnownFileType = sourcecode.swift; path = FlixTests.swift; sourceTree = "<group>"; };
		AAE36CEB27B5D65E00A3DDE5 /* FlixUITests.xctest */ = {isa = PBXFileReference; explicitFileType = wrapper.cfbundle; includeInIndex = 0; path = FlixUITests.xctest; sourceTree = BUILT_PRODUCTS_DIR; };
		AAE36CEF27B5D65E00A3DDE5 /* FlixUITests.swift */ = {isa = PBXFileReference; lastKnownFileType = sourcecode.swift; path = FlixUITests.swift; sourceTree = "<group>"; };
		AAE36CF127B5D65E00A3DDE5 /* FlixUITestsLaunchTests.swift */ = {isa = PBXFileReference; lastKnownFileType = sourcecode.swift; path = FlixUITestsLaunchTests.swift; sourceTree = "<group>"; };
		B2731FF7E078707256461D4E /* Pods_Flix_FlixUITests.framework */ = {isa = PBXFileReference; explicitFileType = wrapper.framework; includeInIndex = 0; path = Pods_Flix_FlixUITests.framework; sourceTree = BUILT_PRODUCTS_DIR; };
		D4F6302D702B87B59B3C02EC /* Pods-Flix-FlixUITests.release.xcconfig */ = {isa = PBXFileReference; includeInIndex = 1; lastKnownFileType = text.xcconfig; name = "Pods-Flix-FlixUITests.release.xcconfig"; path = "Target Support Files/Pods-Flix-FlixUITests/Pods-Flix-FlixUITests.release.xcconfig"; sourceTree = "<group>"; };
		DDE575C17909EEC0C9F41770 /* Pods_Flix.framework */ = {isa = PBXFileReference; explicitFileType = wrapper.framework; includeInIndex = 0; path = Pods_Flix.framework; sourceTree = BUILT_PRODUCTS_DIR; };
		F60393C4C4C8417522EB3589 /* Pods_FlixTests.framework */ = {isa = PBXFileReference; explicitFileType = wrapper.framework; includeInIndex = 0; path = Pods_FlixTests.framework; sourceTree = BUILT_PRODUCTS_DIR; };
/* End PBXFileReference section */

/* Begin PBXFrameworksBuildPhase section */
		AAE36CC827B5D65D00A3DDE5 /* Frameworks */ = {
			isa = PBXFrameworksBuildPhase;
			buildActionMask = 2147483647;
			files = (
				AAB4C2CC27B63A6F00601057 /* AlamofireImage in Frameworks */,
				3E40D48CFF2C410567098C29 /* Pods_Flix.framework in Frameworks */,
			);
			runOnlyForDeploymentPostprocessing = 0;
		};
		AAE36CDE27B5D65E00A3DDE5 /* Frameworks */ = {
			isa = PBXFrameworksBuildPhase;
			buildActionMask = 2147483647;
			files = (
				10973023429BAA0ACB9C33AA /* Pods_FlixTests.framework in Frameworks */,
			);
			runOnlyForDeploymentPostprocessing = 0;
		};
		AAE36CE827B5D65E00A3DDE5 /* Frameworks */ = {
			isa = PBXFrameworksBuildPhase;
			buildActionMask = 2147483647;
			files = (
				811FDB4DE6C2A68557851B0E /* Pods_Flix_FlixUITests.framework in Frameworks */,
			);
			runOnlyForDeploymentPostprocessing = 0;
		};
/* End PBXFrameworksBuildPhase section */

/* Begin PBXGroup section */
		AAE36CC227B5D65D00A3DDE5 = {
			isa = PBXGroup;
			children = (
				AAE36CCD27B5D65D00A3DDE5 /* Flix */,
				AAE36CE427B5D65E00A3DDE5 /* FlixTests */,
				AAE36CEE27B5D65E00A3DDE5 /* FlixUITests */,
				AAE36CCC27B5D65D00A3DDE5 /* Products */,
				B64CBF59920F09295E461EB2 /* Pods */,
				F46FB98905DE3D6D5FB08218 /* Frameworks */,
			);
			sourceTree = "<group>";
		};
		AAE36CCC27B5D65D00A3DDE5 /* Products */ = {
			isa = PBXGroup;
			children = (
				AAE36CCB27B5D65D00A3DDE5 /* Flix.app */,
				AAE36CE127B5D65E00A3DDE5 /* FlixTests.xctest */,
				AAE36CEB27B5D65E00A3DDE5 /* FlixUITests.xctest */,
			);
			name = Products;
			sourceTree = "<group>";
		};
		AAE36CCD27B5D65D00A3DDE5 /* Flix */ = {
			isa = PBXGroup;
			children = (
				AAE36CCE27B5D65D00A3DDE5 /* AppDelegate.swift */,
				AAE36CD027B5D65D00A3DDE5 /* SceneDelegate.swift */,
				AAE36CD227B5D65D00A3DDE5 /* ViewController.swift */,
				AAE36CD427B5D65D00A3DDE5 /* Main.storyboard */,
				AA3A6D1027BF76750097F717 /* MovieDetailsViewController.swift */,
				AAB4C2C827B62CD000601057 /* MovieCell.swift */,
				AAE36CD727B5D65E00A3DDE5 /* Assets.xcassets */,
				AAE36CD927B5D65E00A3DDE5 /* LaunchScreen.storyboard */,
				AAE36CDC27B5D65E00A3DDE5 /* Info.plist */,
				AADF0E8627C00E4B008F6057 /* MovieGridViewController.swift */,
				AADF0E8A27C0174F008F6057 /* MovieGridCell.swift */,
			);
			path = Flix;
			sourceTree = "<group>";
		};
		AAE36CE427B5D65E00A3DDE5 /* FlixTests */ = {
			isa = PBXGroup;
			children = (
				AAE36CE527B5D65E00A3DDE5 /* FlixTests.swift */,
			);
			path = FlixTests;
			sourceTree = "<group>";
		};
		AAE36CEE27B5D65E00A3DDE5 /* FlixUITests */ = {
			isa = PBXGroup;
			children = (
				AAE36CEF27B5D65E00A3DDE5 /* FlixUITests.swift */,
				AAE36CF127B5D65E00A3DDE5 /* FlixUITestsLaunchTests.swift */,
			);
			path = FlixUITests;
			sourceTree = "<group>";
		};
		B64CBF59920F09295E461EB2 /* Pods */ = {
			isa = PBXGroup;
			children = (
				6BB144C9AC1A34434946836C /* Pods-Flix.debug.xcconfig */,
				3124AA73360739BFED4DF3E2 /* Pods-Flix.release.xcconfig */,
				6F5678CD60667AAF1901924B /* Pods-Flix-FlixUITests.debug.xcconfig */,
				D4F6302D702B87B59B3C02EC /* Pods-Flix-FlixUITests.release.xcconfig */,
				623341F33AFD7EC68C9C9A42 /* Pods-FlixTests.debug.xcconfig */,
				A87099D72BCA24195947EF2F /* Pods-FlixTests.release.xcconfig */,
			);
			path = Pods;
			sourceTree = "<group>";
		};
		F46FB98905DE3D6D5FB08218 /* Frameworks */ = {
			isa = PBXGroup;
			children = (
				DDE575C17909EEC0C9F41770 /* Pods_Flix.framework */,
				B2731FF7E078707256461D4E /* Pods_Flix_FlixUITests.framework */,
				F60393C4C4C8417522EB3589 /* Pods_FlixTests.framework */,
			);
			name = Frameworks;
			sourceTree = "<group>";
		};
/* End PBXGroup section */

/* Begin PBXNativeTarget section */
		AAE36CCA27B5D65D00A3DDE5 /* Flix */ = {
			isa = PBXNativeTarget;
			buildConfigurationList = AAE36CF527B5D65E00A3DDE5 /* Build configuration list for PBXNativeTarget "Flix" */;
			buildPhases = (
				E95B4BED74E4835A5C451066 /* [CP] Check Pods Manifest.lock */,
				AAE36CC727B5D65D00A3DDE5 /* Sources */,
				AAE36CC827B5D65D00A3DDE5 /* Frameworks */,
				AAE36CC927B5D65D00A3DDE5 /* Resources */,
				6573AB37EBFFC14F7D809B7E /* [CP] Embed Pods Frameworks */,
			);
			buildRules = (
			);
			dependencies = (
			);
			name = Flix;
			packageProductDependencies = (
				AAB4C2CB27B63A6F00601057 /* AlamofireImage */,
			);
			productName = Flix;
			productReference = AAE36CCB27B5D65D00A3DDE5 /* Flix.app */;
			productType = "com.apple.product-type.application";
		};
		AAE36CE027B5D65E00A3DDE5 /* FlixTests */ = {
			isa = PBXNativeTarget;
			buildConfigurationList = AAE36CF827B5D65E00A3DDE5 /* Build configuration list for PBXNativeTarget "FlixTests" */;
			buildPhases = (
				8D96F62A80477D955E6E8CB5 /* [CP] Check Pods Manifest.lock */,
				AAE36CDD27B5D65E00A3DDE5 /* Sources */,
				AAE36CDE27B5D65E00A3DDE5 /* Frameworks */,
				AAE36CDF27B5D65E00A3DDE5 /* Resources */,
			);
			buildRules = (
			);
			dependencies = (
				AAE36CE327B5D65E00A3DDE5 /* PBXTargetDependency */,
			);
			name = FlixTests;
			productName = FlixTests;
			productReference = AAE36CE127B5D65E00A3DDE5 /* FlixTests.xctest */;
			productType = "com.apple.product-type.bundle.unit-test";
		};
		AAE36CEA27B5D65E00A3DDE5 /* FlixUITests */ = {
			isa = PBXNativeTarget;
			buildConfigurationList = AAE36CFB27B5D65E00A3DDE5 /* Build configuration list for PBXNativeTarget "FlixUITests" */;
			buildPhases = (
				2B66C38352B7A2EAB567C76F /* [CP] Check Pods Manifest.lock */,
				AAE36CE727B5D65E00A3DDE5 /* Sources */,
				AAE36CE827B5D65E00A3DDE5 /* Frameworks */,
				AAE36CE927B5D65E00A3DDE5 /* Resources */,
				B4F4729BAACD4966ADB72D50 /* [CP] Embed Pods Frameworks */,
			);
			buildRules = (
			);
			dependencies = (
				AAE36CED27B5D65E00A3DDE5 /* PBXTargetDependency */,
			);
			name = FlixUITests;
			productName = FlixUITests;
			productReference = AAE36CEB27B5D65E00A3DDE5 /* FlixUITests.xctest */;
			productType = "com.apple.product-type.bundle.ui-testing";
		};
/* End PBXNativeTarget section */

/* Begin PBXProject section */
		AAE36CC327B5D65D00A3DDE5 /* Project object */ = {
			isa = PBXProject;
			attributes = {
				BuildIndependentTargetsInParallel = 1;
				LastSwiftUpdateCheck = 1320;
				LastUpgradeCheck = 1320;
				TargetAttributes = {
					AAE36CCA27B5D65D00A3DDE5 = {
						CreatedOnToolsVersion = 13.2.1;
					};
					AAE36CE027B5D65E00A3DDE5 = {
						CreatedOnToolsVersion = 13.2.1;
						TestTargetID = AAE36CCA27B5D65D00A3DDE5;
					};
					AAE36CEA27B5D65E00A3DDE5 = {
						CreatedOnToolsVersion = 13.2.1;
						TestTargetID = AAE36CCA27B5D65D00A3DDE5;
					};
				};
			};
			buildConfigurationList = AAE36CC627B5D65D00A3DDE5 /* Build configuration list for PBXProject "Flix" */;
			compatibilityVersion = "Xcode 13.0";
			developmentRegion = en;
			hasScannedForEncodings = 0;
			knownRegions = (
				en,
				Base,
			);
			mainGroup = AAE36CC227B5D65D00A3DDE5;
			packageReferences = (
				AAB4C2CA27B63A6F00601057 /* XCRemoteSwiftPackageReference "AlamofireImage" */,
			);
			productRefGroup = AAE36CCC27B5D65D00A3DDE5 /* Products */;
			projectDirPath = "";
			projectRoot = "";
			targets = (
				AAE36CCA27B5D65D00A3DDE5 /* Flix */,
				AAE36CE027B5D65E00A3DDE5 /* FlixTests */,
				AAE36CEA27B5D65E00A3DDE5 /* FlixUITests */,
			);
		};
/* End PBXProject section */

/* Begin PBXResourcesBuildPhase section */
		AAE36CC927B5D65D00A3DDE5 /* Resources */ = {
			isa = PBXResourcesBuildPhase;
			buildActionMask = 2147483647;
			files = (
				AAE36CDB27B5D65E00A3DDE5 /* LaunchScreen.storyboard in Resources */,
				AAE36CD827B5D65E00A3DDE5 /* Assets.xcassets in Resources */,
				AAE36CD627B5D65D00A3DDE5 /* Main.storyboard in Resources */,
			);
			runOnlyForDeploymentPostprocessing = 0;
		};
		AAE36CDF27B5D65E00A3DDE5 /* Resources */ = {
			isa = PBXResourcesBuildPhase;
			buildActionMask = 2147483647;
			files = (
			);
			runOnlyForDeploymentPostprocessing = 0;
		};
		AAE36CE927B5D65E00A3DDE5 /* Resources */ = {
			isa = PBXResourcesBuildPhase;
			buildActionMask = 2147483647;
			files = (
			);
			runOnlyForDeploymentPostprocessing = 0;
		};
/* End PBXResourcesBuildPhase section */

/* Begin PBXShellScriptBuildPhase section */
		2B66C38352B7A2EAB567C76F /* [CP] Check Pods Manifest.lock */ = {
			isa = PBXShellScriptBuildPhase;
			buildActionMask = 2147483647;
			files = (
			);
			inputFileListPaths = (
			);
			inputPaths = (
				"${PODS_PODFILE_DIR_PATH}/Podfile.lock",
				"${PODS_ROOT}/Manifest.lock",
			);
			name = "[CP] Check Pods Manifest.lock";
			outputFileListPaths = (
			);
			outputPaths = (
				"$(DERIVED_FILE_DIR)/Pods-Flix-FlixUITests-checkManifestLockResult.txt",
			);
			runOnlyForDeploymentPostprocessing = 0;
			shellPath = /bin/sh;
			shellScript = "diff \"${PODS_PODFILE_DIR_PATH}/Podfile.lock\" \"${PODS_ROOT}/Manifest.lock\" > /dev/null\nif [ $? != 0 ] ; then\n    # print error to STDERR\n    echo \"error: The sandbox is not in sync with the Podfile.lock. Run 'pod install' or update your CocoaPods installation.\" >&2\n    exit 1\nfi\n# This output is used by Xcode 'outputs' to avoid re-running this script phase.\necho \"SUCCESS\" > \"${SCRIPT_OUTPUT_FILE_0}\"\n";
			showEnvVarsInLog = 0;
		};
		6573AB37EBFFC14F7D809B7E /* [CP] Embed Pods Frameworks */ = {
			isa = PBXShellScriptBuildPhase;
			buildActionMask = 2147483647;
			files = (
			);
			inputFileListPaths = (
				"${PODS_ROOT}/Target Support Files/Pods-Flix/Pods-Flix-frameworks-${CONFIGURATION}-input-files.xcfilelist",
			);
			name = "[CP] Embed Pods Frameworks";
			outputFileListPaths = (
				"${PODS_ROOT}/Target Support Files/Pods-Flix/Pods-Flix-frameworks-${CONFIGURATION}-output-files.xcfilelist",
			);
			runOnlyForDeploymentPostprocessing = 0;
			shellPath = /bin/sh;
			shellScript = "\"${PODS_ROOT}/Target Support Files/Pods-Flix/Pods-Flix-frameworks.sh\"\n";
			showEnvVarsInLog = 0;
		};
		8D96F62A80477D955E6E8CB5 /* [CP] Check Pods Manifest.lock */ = {
			isa = PBXShellScriptBuildPhase;
			buildActionMask = 2147483647;
			files = (
			);
			inputFileListPaths = (
			);
			inputPaths = (
				"${PODS_PODFILE_DIR_PATH}/Podfile.lock",
				"${PODS_ROOT}/Manifest.lock",
			);
			name = "[CP] Check Pods Manifest.lock";
			outputFileListPaths = (
			);
			outputPaths = (
				"$(DERIVED_FILE_DIR)/Pods-FlixTests-checkManifestLockResult.txt",
			);
			runOnlyForDeploymentPostprocessing = 0;
			shellPath = /bin/sh;
			shellScript = "diff \"${PODS_PODFILE_DIR_PATH}/Podfile.lock\" \"${PODS_ROOT}/Manifest.lock\" > /dev/null\nif [ $? != 0 ] ; then\n    # print error to STDERR\n    echo \"error: The sandbox is not in sync with the Podfile.lock. Run 'pod install' or update your CocoaPods installation.\" >&2\n    exit 1\nfi\n# This output is used by Xcode 'outputs' to avoid re-running this script phase.\necho \"SUCCESS\" > \"${SCRIPT_OUTPUT_FILE_0}\"\n";
			showEnvVarsInLog = 0;
		};
		B4F4729BAACD4966ADB72D50 /* [CP] Embed Pods Frameworks */ = {
			isa = PBXShellScriptBuildPhase;
			buildActionMask = 2147483647;
			files = (
			);
			inputFileListPaths = (
				"${PODS_ROOT}/Target Support Files/Pods-Flix-FlixUITests/Pods-Flix-FlixUITests-frameworks-${CONFIGURATION}-input-files.xcfilelist",
			);
			name = "[CP] Embed Pods Frameworks";
			outputFileListPaths = (
				"${PODS_ROOT}/Target Support Files/Pods-Flix-FlixUITests/Pods-Flix-FlixUITests-frameworks-${CONFIGURATION}-output-files.xcfilelist",
			);
			runOnlyForDeploymentPostprocessing = 0;
			shellPath = /bin/sh;
			shellScript = "\"${PODS_ROOT}/Target Support Files/Pods-Flix-FlixUITests/Pods-Flix-FlixUITests-frameworks.sh\"\n";
			showEnvVarsInLog = 0;
		};
		E95B4BED74E4835A5C451066 /* [CP] Check Pods Manifest.lock */ = {
			isa = PBXShellScriptBuildPhase;
			buildActionMask = 2147483647;
			files = (
			);
			inputFileListPaths = (
			);
			inputPaths = (
				"${PODS_PODFILE_DIR_PATH}/Podfile.lock",
				"${PODS_ROOT}/Manifest.lock",
			);
			name = "[CP] Check Pods Manifest.lock";
			outputFileListPaths = (
			);
			outputPaths = (
				"$(DERIVED_FILE_DIR)/Pods-Flix-checkManifestLockResult.txt",
			);
			runOnlyForDeploymentPostprocessing = 0;
			shellPath = /bin/sh;
			shellScript = "diff \"${PODS_PODFILE_DIR_PATH}/Podfile.lock\" \"${PODS_ROOT}/Manifest.lock\" > /dev/null\nif [ $? != 0 ] ; then\n    # print error to STDERR\n    echo \"error: The sandbox is not in sync with the Podfile.lock. Run 'pod install' or update your CocoaPods installation.\" >&2\n    exit 1\nfi\n# This output is used by Xcode 'outputs' to avoid re-running this script phase.\necho \"SUCCESS\" > \"${SCRIPT_OUTPUT_FILE_0}\"\n";
			showEnvVarsInLog = 0;
		};
/* End PBXShellScriptBuildPhase section */

/* Begin PBXSourcesBuildPhase section */
		AAE36CC727B5D65D00A3DDE5 /* Sources */ = {
			isa = PBXSourcesBuildPhase;
			buildActionMask = 2147483647;
			files = (
				AA3A6D1127BF76750097F717 /* MovieDetailsViewController.swift in Sources */,
				AAE36CD327B5D65D00A3DDE5 /* ViewController.swift in Sources */,
				AAE36CCF27B5D65D00A3DDE5 /* AppDelegate.swift in Sources */,
				AAB4C2C927B62CD000601057 /* MovieCell.swift in Sources */,
				AAE36CD127B5D65D00A3DDE5 /* SceneDelegate.swift in Sources */,
				AADF0E8727C00E4B008F6057 /* MovieGridViewController.swift in Sources */,
				AADF0E8B27C0174F008F6057 /* MovieGridCell.swift in Sources */,
			);
			runOnlyForDeploymentPostprocessing = 0;
		};
		AAE36CDD27B5D65E00A3DDE5 /* Sources */ = {
			isa = PBXSourcesBuildPhase;
			buildActionMask = 2147483647;
			files = (
				AAE36CE627B5D65E00A3DDE5 /* FlixTests.swift in Sources */,
			);
			runOnlyForDeploymentPostprocessing = 0;
		};
		AAE36CE727B5D65E00A3DDE5 /* Sources */ = {
			isa = PBXSourcesBuildPhase;
			buildActionMask = 2147483647;
			files = (
				AAE36CF027B5D65E00A3DDE5 /* FlixUITests.swift in Sources */,
				AAE36CF227B5D65E00A3DDE5 /* FlixUITestsLaunchTests.swift in Sources */,
			);
			runOnlyForDeploymentPostprocessing = 0;
		};
/* End PBXSourcesBuildPhase section */

/* Begin PBXTargetDependency section */
		AAE36CE327B5D65E00A3DDE5 /* PBXTargetDependency */ = {
			isa = PBXTargetDependency;
			target = AAE36CCA27B5D65D00A3DDE5 /* Flix */;
			targetProxy = AAE36CE227B5D65E00A3DDE5 /* PBXContainerItemProxy */;
		};
		AAE36CED27B5D65E00A3DDE5 /* PBXTargetDependency */ = {
			isa = PBXTargetDependency;
			target = AAE36CCA27B5D65D00A3DDE5 /* Flix */;
			targetProxy = AAE36CEC27B5D65E00A3DDE5 /* PBXContainerItemProxy */;
		};
/* End PBXTargetDependency section */

/* Begin PBXVariantGroup section */
		AAE36CD427B5D65D00A3DDE5 /* Main.storyboard */ = {
			isa = PBXVariantGroup;
			children = (
				AAE36CD527B5D65D00A3DDE5 /* Base */,
			);
			name = Main.storyboard;
			sourceTree = "<group>";
		};
		AAE36CD927B5D65E00A3DDE5 /* LaunchScreen.storyboard */ = {
			isa = PBXVariantGroup;
			children = (
				AAE36CDA27B5D65E00A3DDE5 /* Base */,
			);
			name = LaunchScreen.storyboard;
			sourceTree = "<group>";
		};
/* End PBXVariantGroup section */

/* Begin XCBuildConfiguration section */
		AAE36CF327B5D65E00A3DDE5 /* Debug */ = {
			isa = XCBuildConfiguration;
			buildSettings = {
				ALWAYS_SEARCH_USER_PATHS = NO;
				CLANG_ANALYZER_NONNULL = YES;
				CLANG_ANALYZER_NUMBER_OBJECT_CONVERSION = YES_AGGRESSIVE;
				CLANG_CXX_LANGUAGE_STANDARD = "gnu++17";
				CLANG_CXX_LIBRARY = "libc++";
				CLANG_ENABLE_MODULES = YES;
				CLANG_ENABLE_OBJC_ARC = YES;
				CLANG_ENABLE_OBJC_WEAK = YES;
				CLANG_WARN_BLOCK_CAPTURE_AUTORELEASING = YES;
				CLANG_WARN_BOOL_CONVERSION = YES;
				CLANG_WARN_COMMA = YES;
				CLANG_WARN_CONSTANT_CONVERSION = YES;
				CLANG_WARN_DEPRECATED_OBJC_IMPLEMENTATIONS = YES;
				CLANG_WARN_DIRECT_OBJC_ISA_USAGE = YES_ERROR;
				CLANG_WARN_DOCUMENTATION_COMMENTS = YES;
				CLANG_WARN_EMPTY_BODY = YES;
				CLANG_WARN_ENUM_CONVERSION = YES;
				CLANG_WARN_INFINITE_RECURSION = YES;
				CLANG_WARN_INT_CONVERSION = YES;
				CLANG_WARN_NON_LITERAL_NULL_CONVERSION = YES;
				CLANG_WARN_OBJC_IMPLICIT_RETAIN_SELF = YES;
				CLANG_WARN_OBJC_LITERAL_CONVERSION = YES;
				CLANG_WARN_OBJC_ROOT_CLASS = YES_ERROR;
				CLANG_WARN_QUOTED_INCLUDE_IN_FRAMEWORK_HEADER = YES;
				CLANG_WARN_RANGE_LOOP_ANALYSIS = YES;
				CLANG_WARN_STRICT_PROTOTYPES = YES;
				CLANG_WARN_SUSPICIOUS_MOVE = YES;
				CLANG_WARN_UNGUARDED_AVAILABILITY = YES_AGGRESSIVE;
				CLANG_WARN_UNREACHABLE_CODE = YES;
				CLANG_WARN__DUPLICATE_METHOD_MATCH = YES;
				COPY_PHASE_STRIP = NO;
				DEBUG_INFORMATION_FORMAT = dwarf;
				ENABLE_STRICT_OBJC_MSGSEND = YES;
				ENABLE_TESTABILITY = YES;
				GCC_C_LANGUAGE_STANDARD = gnu11;
				GCC_DYNAMIC_NO_PIC = NO;
				GCC_NO_COMMON_BLOCKS = YES;
				GCC_OPTIMIZATION_LEVEL = 0;
				GCC_PREPROCESSOR_DEFINITIONS = (
					"DEBUG=1",
					"$(inherited)",
				);
				GCC_WARN_64_TO_32_BIT_CONVERSION = YES;
				GCC_WARN_ABOUT_RETURN_TYPE = YES_ERROR;
				GCC_WARN_UNDECLARED_SELECTOR = YES;
				GCC_WARN_UNINITIALIZED_AUTOS = YES_AGGRESSIVE;
				GCC_WARN_UNUSED_FUNCTION = YES;
				GCC_WARN_UNUSED_VARIABLE = YES;
				IPHONEOS_DEPLOYMENT_TARGET = 15.2;
				MTL_ENABLE_DEBUG_INFO = INCLUDE_SOURCE;
				MTL_FAST_MATH = YES;
				ONLY_ACTIVE_ARCH = YES;
				SDKROOT = iphoneos;
				SWIFT_ACTIVE_COMPILATION_CONDITIONS = DEBUG;
				SWIFT_OPTIMIZATION_LEVEL = "-Onone";
			};
			name = Debug;
		};
		AAE36CF427B5D65E00A3DDE5 /* Release */ = {
			isa = XCBuildConfiguration;
			buildSettings = {
				ALWAYS_SEARCH_USER_PATHS = NO;
				CLANG_ANALYZER_NONNULL = YES;
				CLANG_ANALYZER_NUMBER_OBJECT_CONVERSION = YES_AGGRESSIVE;
				CLANG_CXX_LANGUAGE_STANDARD = "gnu++17";
				CLANG_CXX_LIBRARY = "libc++";
				CLANG_ENABLE_MODULES = YES;
				CLANG_ENABLE_OBJC_ARC = YES;
				CLANG_ENABLE_OBJC_WEAK = YES;
				CLANG_WARN_BLOCK_CAPTURE_AUTORELEASING = YES;
				CLANG_WARN_BOOL_CONVERSION = YES;
				CLANG_WARN_COMMA = YES;
				CLANG_WARN_CONSTANT_CONVERSION = YES;
				CLANG_WARN_DEPRECATED_OBJC_IMPLEMENTATIONS = YES;
				CLANG_WARN_DIRECT_OBJC_ISA_USAGE = YES_ERROR;
				CLANG_WARN_DOCUMENTATION_COMMENTS = YES;
				CLANG_WARN_EMPTY_BODY = YES;
				CLANG_WARN_ENUM_CONVERSION = YES;
				CLANG_WARN_INFINITE_RECURSION = YES;
				CLANG_WARN_INT_CONVERSION = YES;
				CLANG_WARN_NON_LITERAL_NULL_CONVERSION = YES;
				CLANG_WARN_OBJC_IMPLICIT_RETAIN_SELF = YES;
				CLANG_WARN_OBJC_LITERAL_CONVERSION = YES;
				CLANG_WARN_OBJC_ROOT_CLASS = YES_ERROR;
				CLANG_WARN_QUOTED_INCLUDE_IN_FRAMEWORK_HEADER = YES;
				CLANG_WARN_RANGE_LOOP_ANALYSIS = YES;
				CLANG_WARN_STRICT_PROTOTYPES = YES;
				CLANG_WARN_SUSPICIOUS_MOVE = YES;
				CLANG_WARN_UNGUARDED_AVAILABILITY = YES_AGGRESSIVE;
				CLANG_WARN_UNREACHABLE_CODE = YES;
				CLANG_WARN__DUPLICATE_METHOD_MATCH = YES;
				COPY_PHASE_STRIP = NO;
				DEBUG_INFORMATION_FORMAT = "dwarf-with-dsym";
				ENABLE_NS_ASSERTIONS = NO;
				ENABLE_STRICT_OBJC_MSGSEND = YES;
				GCC_C_LANGUAGE_STANDARD = gnu11;
				GCC_NO_COMMON_BLOCKS = YES;
				GCC_WARN_64_TO_32_BIT_CONVERSION = YES;
				GCC_WARN_ABOUT_RETURN_TYPE = YES_ERROR;
				GCC_WARN_UNDECLARED_SELECTOR = YES;
				GCC_WARN_UNINITIALIZED_AUTOS = YES_AGGRESSIVE;
				GCC_WARN_UNUSED_FUNCTION = YES;
				GCC_WARN_UNUSED_VARIABLE = YES;
				IPHONEOS_DEPLOYMENT_TARGET = 15.2;
				MTL_ENABLE_DEBUG_INFO = NO;
				MTL_FAST_MATH = YES;
				SDKROOT = iphoneos;
				SWIFT_COMPILATION_MODE = wholemodule;
				SWIFT_OPTIMIZATION_LEVEL = "-O";
				VALIDATE_PRODUCT = YES;
			};
			name = Release;
		};
		AAE36CF627B5D65E00A3DDE5 /* Debug */ = {
			isa = XCBuildConfiguration;
			baseConfigurationReference = 6BB144C9AC1A34434946836C /* Pods-Flix.debug.xcconfig */;
			buildSettings = {
				ASSETCATALOG_COMPILER_APPICON_NAME = AppIcon;
				ASSETCATALOG_COMPILER_GLOBAL_ACCENT_COLOR_NAME = AccentColor;
				CODE_SIGN_STYLE = Automatic;
				CURRENT_PROJECT_VERSION = 1;
				DEVELOPMENT_TEAM = MATAH478GH;
				GENERATE_INFOPLIST_FILE = YES;
				INFOPLIST_FILE = Flix/Info.plist;
				INFOPLIST_KEY_UIApplicationSupportsIndirectInputEvents = YES;
				INFOPLIST_KEY_UILaunchStoryboardName = LaunchScreen;
				INFOPLIST_KEY_UIMainStoryboardFile = Main;
				INFOPLIST_KEY_UISupportedInterfaceOrientations_iPad = "UIInterfaceOrientationPortrait UIInterfaceOrientationPortraitUpsideDown UIInterfaceOrientationLandscapeLeft UIInterfaceOrientationLandscapeRight";
				INFOPLIST_KEY_UISupportedInterfaceOrientations_iPhone = "UIInterfaceOrientationPortrait UIInterfaceOrientationLandscapeLeft UIInterfaceOrientationLandscapeRight";
				LD_RUNPATH_SEARCH_PATHS = (
					"$(inherited)",
					"@executable_path/Frameworks",
				);
				MARKETING_VERSION = 1.0;
				PRODUCT_BUNDLE_IDENTIFIER = celi.codepath.Flix;
				PRODUCT_NAME = "$(TARGET_NAME)";
				SWIFT_EMIT_LOC_STRINGS = YES;
				SWIFT_VERSION = 5.0;
				TARGETED_DEVICE_FAMILY = "1,2";
			};
			name = Debug;
		};
		AAE36CF727B5D65E00A3DDE5 /* Release */ = {
			isa = XCBuildConfiguration;
			baseConfigurationReference = 3124AA73360739BFED4DF3E2 /* Pods-Flix.release.xcconfig */;
			buildSettings = {
				ASSETCATALOG_COMPILER_APPICON_NAME = AppIcon;
				ASSETCATALOG_COMPILER_GLOBAL_ACCENT_COLOR_NAME = AccentColor;
				CODE_SIGN_STYLE = Automatic;
				CURRENT_PROJECT_VERSION = 1;
				DEVELOPMENT_TEAM = MATAH478GH;
				GENERATE_INFOPLIST_FILE = YES;
				INFOPLIST_FILE = Flix/Info.plist;
				INFOPLIST_KEY_UIApplicationSupportsIndirectInputEvents = YES;
				INFOPLIST_KEY_UILaunchStoryboardName = LaunchScreen;
				INFOPLIST_KEY_UIMainStoryboardFile = Main;
				INFOPLIST_KEY_UISupportedInterfaceOrientations_iPad = "UIInterfaceOrientationPortrait UIInterfaceOrientationPortraitUpsideDown UIInterfaceOrientationLandscapeLeft UIInterfaceOrientationLandscapeRight";
				INFOPLIST_KEY_UISupportedInterfaceOrientations_iPhone = "UIInterfaceOrientationPortrait UIInterfaceOrientationLandscapeLeft UIInterfaceOrientationLandscapeRight";
				LD_RUNPATH_SEARCH_PATHS = (
					"$(inherited)",
					"@executable_path/Frameworks",
				);
				MARKETING_VERSION = 1.0;
				PRODUCT_BUNDLE_IDENTIFIER = celi.codepath.Flix;
				PRODUCT_NAME = "$(TARGET_NAME)";
				SWIFT_EMIT_LOC_STRINGS = YES;
				SWIFT_VERSION = 5.0;
				TARGETED_DEVICE_FAMILY = "1,2";
			};
			name = Release;
		};
		AAE36CF927B5D65E00A3DDE5 /* Debug */ = {
			isa = XCBuildConfiguration;
			baseConfigurationReference = 623341F33AFD7EC68C9C9A42 /* Pods-FlixTests.debug.xcconfig */;
			buildSettings = {
				ALWAYS_EMBED_SWIFT_STANDARD_LIBRARIES = YES;
				BUNDLE_LOADER = "$(TEST_HOST)";
				CODE_SIGN_STYLE = Automatic;
				CURRENT_PROJECT_VERSION = 1;
				DEVELOPMENT_TEAM = MATAH478GH;
				GENERATE_INFOPLIST_FILE = YES;
				IPHONEOS_DEPLOYMENT_TARGET = 15.2;
				MARKETING_VERSION = 1.0;
				PRODUCT_BUNDLE_IDENTIFIER = com.codepath.FlixTests;
				PRODUCT_NAME = "$(TARGET_NAME)";
				SWIFT_EMIT_LOC_STRINGS = NO;
				SWIFT_VERSION = 5.0;
				TARGETED_DEVICE_FAMILY = "1,2";
				TEST_HOST = "$(BUILT_PRODUCTS_DIR)/Flix.app/Flix";
			};
			name = Debug;
		};
		AAE36CFA27B5D65E00A3DDE5 /* Release */ = {
			isa = XCBuildConfiguration;
			baseConfigurationReference = A87099D72BCA24195947EF2F /* Pods-FlixTests.release.xcconfig */;
			buildSettings = {
				ALWAYS_EMBED_SWIFT_STANDARD_LIBRARIES = YES;
				BUNDLE_LOADER = "$(TEST_HOST)";
				CODE_SIGN_STYLE = Automatic;
				CURRENT_PROJECT_VERSION = 1;
				DEVELOPMENT_TEAM = MATAH478GH;
				GENERATE_INFOPLIST_FILE = YES;
				IPHONEOS_DEPLOYMENT_TARGET = 15.2;
				MARKETING_VERSION = 1.0;
				PRODUCT_BUNDLE_IDENTIFIER = com.codepath.FlixTests;
				PRODUCT_NAME = "$(TARGET_NAME)";
				SWIFT_EMIT_LOC_STRINGS = NO;
				SWIFT_VERSION = 5.0;
				TARGETED_DEVICE_FAMILY = "1,2";
				TEST_HOST = "$(BUILT_PRODUCTS_DIR)/Flix.app/Flix";
			};
			name = Release;
		};
		AAE36CFC27B5D65E00A3DDE5 /* Debug */ = {
			isa = XCBuildConfiguration;
			baseConfigurationReference = 6F5678CD60667AAF1901924B /* Pods-Flix-FlixUITests.debug.xcconfig */;
			buildSettings = {
				ALWAYS_EMBED_SWIFT_STANDARD_LIBRARIES = YES;
				CODE_SIGN_STYLE = Automatic;
				CURRENT_PROJECT_VERSION = 1;
				DEVELOPMENT_TEAM = MATAH478GH;
				GENERATE_INFOPLIST_FILE = YES;
				MARKETING_VERSION = 1.0;
				PRODUCT_BUNDLE_IDENTIFIER = com.codepath.FlixUITests;
				PRODUCT_NAME = "$(TARGET_NAME)";
				SWIFT_EMIT_LOC_STRINGS = NO;
				SWIFT_VERSION = 5.0;
				TARGETED_DEVICE_FAMILY = "1,2";
				TEST_TARGET_NAME = Flix;
			};
			name = Debug;
		};
		AAE36CFD27B5D65E00A3DDE5 /* Release */ = {
			isa = XCBuildConfiguration;
			baseConfigurationReference = D4F6302D702B87B59B3C02EC /* Pods-Flix-FlixUITests.release.xcconfig */;
			buildSettings = {
				ALWAYS_EMBED_SWIFT_STANDARD_LIBRARIES = YES;
				CODE_SIGN_STYLE = Automatic;
				CURRENT_PROJECT_VERSION = 1;
				DEVELOPMENT_TEAM = MATAH478GH;
				GENERATE_INFOPLIST_FILE = YES;
				MARKETING_VERSION = 1.0;
				PRODUCT_BUNDLE_IDENTIFIER = com.codepath.FlixUITests;
				PRODUCT_NAME = "$(TARGET_NAME)";
				SWIFT_EMIT_LOC_STRINGS = NO;
				SWIFT_VERSION = 5.0;
				TARGETED_DEVICE_FAMILY = "1,2";
				TEST_TARGET_NAME = Flix;
			};
			name = Release;
		};
/* End XCBuildConfiguration section */

/* Begin XCConfigurationList section */
		AAE36CC627B5D65D00A3DDE5 /* Build configuration list for PBXProject "Flix" */ = {
			isa = XCConfigurationList;
			buildConfigurations = (
				AAE36CF327B5D65E00A3DDE5 /* Debug */,
				AAE36CF427B5D65E00A3DDE5 /* Release */,
			);
			defaultConfigurationIsVisible = 0;
			defaultConfigurationName = Release;
		};
		AAE36CF527B5D65E00A3DDE5 /* Build configuration list for PBXNativeTarget "Flix" */ = {
			isa = XCConfigurationList;
			buildConfigurations = (
				AAE36CF627B5D65E00A3DDE5 /* Debug */,
				AAE36CF727B5D65E00A3DDE5 /* Release */,
			);
			defaultConfigurationIsVisible = 0;
			defaultConfigurationName = Release;
		};
		AAE36CF827B5D65E00A3DDE5 /* Build configuration list for PBXNativeTarget "FlixTests" */ = {
			isa = XCConfigurationList;
			buildConfigurations = (
				AAE36CF927B5D65E00A3DDE5 /* Debug */,
				AAE36CFA27B5D65E00A3DDE5 /* Release */,
			);
			defaultConfigurationIsVisible = 0;
			defaultConfigurationName = Release;
		};
		AAE36CFB27B5D65E00A3DDE5 /* Build configuration list for PBXNativeTarget "FlixUITests" */ = {
			isa = XCConfigurationList;
			buildConfigurations = (
				AAE36CFC27B5D65E00A3DDE5 /* Debug */,
				AAE36CFD27B5D65E00A3DDE5 /* Release */,
			);
			defaultConfigurationIsVisible = 0;
			defaultConfigurationName = Release;
		};
/* End XCConfigurationList section */

/* Begin XCRemoteSwiftPackageReference section */
		AAB4C2CA27B63A6F00601057 /* XCRemoteSwiftPackageReference "AlamofireImage" */ = {
			isa = XCRemoteSwiftPackageReference;
			repositoryURL = "https://github.com/Alamofire/AlamofireImage";
			requirement = {
				branch = master;
				kind = branch;
			};
		};
/* End XCRemoteSwiftPackageReference section */

/* Begin XCSwiftPackageProductDependency section */
		AAB4C2CB27B63A6F00601057 /* AlamofireImage */ = {
			isa = XCSwiftPackageProductDependency;
			package = AAB4C2CA27B63A6F00601057 /* XCRemoteSwiftPackageReference "AlamofireImage" */;
			productName = AlamofireImage;
		};
/* End XCSwiftPackageProductDependency section */
	};
	rootObject = AAE36CC327B5D65D00A3DDE5 /* Project object */;
}
